// !$*UTF8*$!
{
	archiveVersion = 1;
	classes = {
	};
	objectVersion = 56;
	objects = {

/* Begin PBXBuildFile section */
		0630AF162C63AFC3002BF2CA /* Utility in Resources */ = {isa = PBXBuildFile; fileRef = 0630AF152C63AFC3002BF2CA /* Utility */; };
		0630AF192C63BDD2002BF2CA /* Splash in Resources */ = {isa = PBXBuildFile; fileRef = 0630AF182C63BDD2002BF2CA /* Splash */; };
		0630AF1D2C64202C002BF2CA /* Router in Resources */ = {isa = PBXBuildFile; fileRef = 0630AF1C2C64202C002BF2CA /* Router */; };
		0630AF1F2C64263A002BF2CA /* Router in Frameworks */ = {isa = PBXBuildFile; productRef = 0630AF1E2C64263A002BF2CA /* Router */; };
		0630AF222C642C2E002BF2CA /* Home in Resources */ = {isa = PBXBuildFile; fileRef = 0630AF212C642C2E002BF2CA /* Home */; };
		069710992C6397C600A705C7 /* AppManagers in Resources */ = {isa = PBXBuildFile; fileRef = 0697108F2C6397C500A705C7 /* AppManagers */; };
		0697109A2C6397C600A705C7 /* Components in Resources */ = {isa = PBXBuildFile; fileRef = 069710902C6397C500A705C7 /* Components */; };
		0697109B2C6397C600A705C7 /* AppResources in Resources */ = {isa = PBXBuildFile; fileRef = 069710912C6397C500A705C7 /* AppResources */; };
		0697109C2C6397C600A705C7 /* Database in Resources */ = {isa = PBXBuildFile; fileRef = 069710922C6397C500A705C7 /* Database */; };
		0697109F2C6397C600A705C7 /* Network in Resources */ = {isa = PBXBuildFile; fileRef = 069710952C6397C500A705C7 /* Network */; };
		069710A02C6397C600A705C7 /* Common in Resources */ = {isa = PBXBuildFile; fileRef = 069710962C6397C600A705C7 /* Common */; };
		06A997672C74B2F700FEC6AE /* Favorites in Resources */ = {isa = PBXBuildFile; fileRef = 06A997662C74B2F700FEC6AE /* Favorites */; };
		06BD8EBB2C6FE5BB00F29E3C /* Search in Resources */ = {isa = PBXBuildFile; fileRef = 06BD8EBA2C6FE5BB00F29E3C /* Search */; };
		06D131B82C6A188D00619763 /* TabBar in Resources */ = {isa = PBXBuildFile; fileRef = 06D131B72C6A188D00619763 /* TabBar */; };
		06E48DF32C63898A000A0BAE /* AppDelegate.swift in Sources */ = {isa = PBXBuildFile; fileRef = 06E48DF22C63898A000A0BAE /* AppDelegate.swift */; };
		06E48DF52C63898A000A0BAE /* SceneDelegate.swift in Sources */ = {isa = PBXBuildFile; fileRef = 06E48DF42C63898A000A0BAE /* SceneDelegate.swift */; };
		06E48DFC2C63898D000A0BAE /* Assets.xcassets in Resources */ = {isa = PBXBuildFile; fileRef = 06E48DFB2C63898D000A0BAE /* Assets.xcassets */; };
		06E48DFF2C63898D000A0BAE /* Base in Resources */ = {isa = PBXBuildFile; fileRef = 06E48DFE2C63898D000A0BAE /* Base */; };
		06E48E112C639411000A0BAE /* AppDelegate+Init.swift in Sources */ = {isa = PBXBuildFile; fileRef = 06E48E0D2C639411000A0BAE /* AppDelegate+Init.swift */; };
		06E5B3A82C68093500AD38CD /* Atlantis in Frameworks */ = {isa = PBXBuildFile; productRef = 06E5B3A72C68093500AD38CD /* Atlantis */; };
		06F5823A2C6AB377008A0870 /* Detail in Resources */ = {isa = PBXBuildFile; fileRef = 06F582392C6AB377008A0870 /* Detail */; };
/* End PBXBuildFile section */

/* Begin PBXFileReference section */
		0630AF152C63AFC3002BF2CA /* Utility */ = {isa = PBXFileReference; lastKnownFileType = wrapper; path = Utility; sourceTree = "<group>"; };
		0630AF182C63BDD2002BF2CA /* Splash */ = {isa = PBXFileReference; lastKnownFileType = wrapper; path = Splash; sourceTree = "<group>"; };
		0630AF1C2C64202C002BF2CA /* Router */ = {isa = PBXFileReference; lastKnownFileType = wrapper; path = Router; sourceTree = "<group>"; };
		0630AF212C642C2E002BF2CA /* Home */ = {isa = PBXFileReference; lastKnownFileType = wrapper; path = Home; sourceTree = "<group>"; };
		0697108F2C6397C500A705C7 /* AppManagers */ = {isa = PBXFileReference; lastKnownFileType = wrapper; path = AppManagers; sourceTree = "<group>"; };
		069710902C6397C500A705C7 /* Components */ = {isa = PBXFileReference; lastKnownFileType = wrapper; path = Components; sourceTree = "<group>"; };
		069710912C6397C500A705C7 /* AppResources */ = {isa = PBXFileReference; lastKnownFileType = wrapper; path = AppResources; sourceTree = "<group>"; };
		069710922C6397C500A705C7 /* Database */ = {isa = PBXFileReference; lastKnownFileType = wrapper; path = Database; sourceTree = "<group>"; };
		069710952C6397C500A705C7 /* Network */ = {isa = PBXFileReference; lastKnownFileType = wrapper; path = Network; sourceTree = "<group>"; };
		069710962C6397C600A705C7 /* Common */ = {isa = PBXFileReference; lastKnownFileType = wrapper; path = Common; sourceTree = "<group>"; };
		06A997662C74B2F700FEC6AE /* Favorites */ = {isa = PBXFileReference; lastKnownFileType = wrapper; path = Favorites; sourceTree = "<group>"; };
		06BD8EBA2C6FE5BB00F29E3C /* Search */ = {isa = PBXFileReference; lastKnownFileType = wrapper; path = Search; sourceTree = "<group>"; };
		06D131B72C6A188D00619763 /* TabBar */ = {isa = PBXFileReference; lastKnownFileType = wrapper; path = TabBar; sourceTree = "<group>"; };
		06E48DEF2C63898A000A0BAE /* cinescope.app */ = {isa = PBXFileReference; explicitFileType = wrapper.application; includeInIndex = 0; path = cinescope.app; sourceTree = BUILT_PRODUCTS_DIR; };
		06E48DF22C63898A000A0BAE /* AppDelegate.swift */ = {isa = PBXFileReference; lastKnownFileType = sourcecode.swift; path = AppDelegate.swift; sourceTree = "<group>"; };
		06E48DF42C63898A000A0BAE /* SceneDelegate.swift */ = {isa = PBXFileReference; lastKnownFileType = sourcecode.swift; path = SceneDelegate.swift; sourceTree = "<group>"; };
		06E48DFB2C63898D000A0BAE /* Assets.xcassets */ = {isa = PBXFileReference; lastKnownFileType = folder.assetcatalog; path = Assets.xcassets; sourceTree = "<group>"; };
		06E48DFE2C63898D000A0BAE /* Base */ = {isa = PBXFileReference; lastKnownFileType = file.storyboard; name = Base; path = Base.lproj/LaunchScreen.storyboard; sourceTree = "<group>"; };
		06E48E002C63898D000A0BAE /* Info.plist */ = {isa = PBXFileReference; lastKnownFileType = text.plist.xml; name = Info.plist; path = cinescope/Resources/Info.plist; sourceTree = SOURCE_ROOT; };
		06E48E0D2C639411000A0BAE /* AppDelegate+Init.swift */ = {isa = PBXFileReference; fileEncoding = 4; lastKnownFileType = sourcecode.swift; path = "AppDelegate+Init.swift"; sourceTree = "<group>"; };
		06F582392C6AB377008A0870 /* Detail */ = {isa = PBXFileReference; lastKnownFileType = wrapper; path = Detail; sourceTree = "<group>"; };
/* End PBXFileReference section */

/* Begin PBXFrameworksBuildPhase section */
		06E48DEC2C63898A000A0BAE /* Frameworks */ = {
			isa = PBXFrameworksBuildPhase;
			buildActionMask = 2147483647;
			files = (
				06E5B3A82C68093500AD38CD /* Atlantis in Frameworks */,
				0630AF1F2C64263A002BF2CA /* Router in Frameworks */,
			);
			runOnlyForDeploymentPostprocessing = 0;
		};
/* End PBXFrameworksBuildPhase section */

/* Begin PBXGroup section */
		0630AF122C63AD83002BF2CA /* Frameworks */ = {
			isa = PBXGroup;
			children = (
			);
			name = Frameworks;
			sourceTree = "<group>";
		};
		0630AF172C63BDA6002BF2CA /* Scenes */ = {
			isa = PBXGroup;
			children = (
				06A997662C74B2F700FEC6AE /* Favorites */,
				06BD8EBA2C6FE5BB00F29E3C /* Search */,
				06F582392C6AB377008A0870 /* Detail */,
				0630AF212C642C2E002BF2CA /* Home */,
				0630AF182C63BDD2002BF2CA /* Splash */,
			);
			name = Scenes;
			sourceTree = "<group>";
		};
		06E48DE62C63898A000A0BAE = {
			isa = PBXGroup;
			children = (
				06E48DF12C63898A000A0BAE /* cinescope */,
				06E48DF02C63898A000A0BAE /* Products */,
				0630AF122C63AD83002BF2CA /* Frameworks */,
			);
			sourceTree = "<group>";
		};
		06E48DF02C63898A000A0BAE /* Products */ = {
			isa = PBXGroup;
			children = (
				06E48DEF2C63898A000A0BAE /* cinescope.app */,
			);
			name = Products;
			sourceTree = "<group>";
		};
		06E48DF12C63898A000A0BAE /* cinescope */ = {
			isa = PBXGroup;
			children = (
				06E48E062C639396000A0BAE /* AppDelegate */,
				06E48E072C6393BB000A0BAE /* Packages */,
				06E48E092C6393CA000A0BAE /* Resources */,
				06E48E082C6393C4000A0BAE /* Utility */,
				06E48DF42C63898A000A0BAE /* SceneDelegate.swift */,
			);
			path = cinescope;
			sourceTree = "<group>";
		};
		06E48E062C639396000A0BAE /* AppDelegate */ = {
			isa = PBXGroup;
			children = (
				06E48DF22C63898A000A0BAE /* AppDelegate.swift */,
				06E48E0D2C639411000A0BAE /* AppDelegate+Init.swift */,
			);
			path = AppDelegate;
			sourceTree = "<group>";
		};
		06E48E072C6393BB000A0BAE /* Packages */ = {
			isa = PBXGroup;
			children = (
				0630AF172C63BDA6002BF2CA /* Scenes */,
				06E48E132C6395F4000A0BAE /* Core */,
			);
			path = Packages;
			sourceTree = "<group>";
		};
		06E48E082C6393C4000A0BAE /* Utility */ = {
			isa = PBXGroup;
			children = (
			);
			path = Utility;
			sourceTree = "<group>";
		};
		06E48E092C6393CA000A0BAE /* Resources */ = {
			isa = PBXGroup;
			children = (
				06E48DFB2C63898D000A0BAE /* Assets.xcassets */,
				06E48E002C63898D000A0BAE /* Info.plist */,
				06E48E0A2C6393D4000A0BAE /* Launch */,
			);
			path = Resources;
			sourceTree = "<group>";
		};
		06E48E0A2C6393D4000A0BAE /* Launch */ = {
			isa = PBXGroup;
			children = (
				06E48DFD2C63898D000A0BAE /* LaunchScreen.storyboard */,
			);
			path = Launch;
			sourceTree = "<group>";
		};
		06E48E132C6395F4000A0BAE /* Core */ = {
			isa = PBXGroup;
			children = (
				06D131B72C6A188D00619763 /* TabBar */,
				0630AF1C2C64202C002BF2CA /* Router */,
				0630AF152C63AFC3002BF2CA /* Utility */,
				0697108F2C6397C500A705C7 /* AppManagers */,
				069710912C6397C500A705C7 /* AppResources */,
				069710962C6397C600A705C7 /* Common */,
				069710902C6397C500A705C7 /* Components */,
				069710922C6397C500A705C7 /* Database */,
				069710952C6397C500A705C7 /* Network */,
			);
			name = Core;
			sourceTree = "<group>";
		};
/* End PBXGroup section */

/* Begin PBXNativeTarget section */
		06E48DEE2C63898A000A0BAE /* cinescope */ = {
			isa = PBXNativeTarget;
			buildConfigurationList = 06E48E032C63898D000A0BAE /* Build configuration list for PBXNativeTarget "cinescope" */;
			buildPhases = (
				06E48DEB2C63898A000A0BAE /* Sources */,
				06E48DEC2C63898A000A0BAE /* Frameworks */,
				06E48DED2C63898A000A0BAE /* Resources */,
			);
			buildRules = (
			);
			dependencies = (
			);
			name = cinescope;
			packageProductDependencies = (
				0630AF1E2C64263A002BF2CA /* Router */,
				06E5B3A72C68093500AD38CD /* Atlantis */,
			);
			productName = cinescope;
			productReference = 06E48DEF2C63898A000A0BAE /* cinescope.app */;
			productType = "com.apple.product-type.application";
		};
/* End PBXNativeTarget section */

/* Begin PBXProject section */
		06E48DE72C63898A000A0BAE /* Project object */ = {
			isa = PBXProject;
			attributes = {
				BuildIndependentTargetsInParallel = 1;
				LastSwiftUpdateCheck = 1540;
				LastUpgradeCheck = 1540;
				TargetAttributes = {
					06E48DEE2C63898A000A0BAE = {
						CreatedOnToolsVersion = 15.4;
					};
				};
			};
			buildConfigurationList = 06E48DEA2C63898A000A0BAE /* Build configuration list for PBXProject "cinescope" */;
			compatibilityVersion = "Xcode 14.0";
			developmentRegion = en;
			hasScannedForEncodings = 0;
			knownRegions = (
				en,
				Base,
			);
			mainGroup = 06E48DE62C63898A000A0BAE;
			packageReferences = (
				06E5B3A62C68093500AD38CD /* XCRemoteSwiftPackageReference "atlantis" */,
			);
			productRefGroup = 06E48DF02C63898A000A0BAE /* Products */;
			projectDirPath = "";
			projectRoot = "";
			targets = (
				06E48DEE2C63898A000A0BAE /* cinescope */,
			);
		};
/* End PBXProject section */

/* Begin PBXResourcesBuildPhase section */
		06E48DED2C63898A000A0BAE /* Resources */ = {
			isa = PBXResourcesBuildPhase;
			buildActionMask = 2147483647;
			files = (
				06D131B82C6A188D00619763 /* TabBar in Resources */,
				0697109B2C6397C600A705C7 /* AppResources in Resources */,
				069710992C6397C600A705C7 /* AppManagers in Resources */,
				0697109A2C6397C600A705C7 /* Components in Resources */,
				0630AF162C63AFC3002BF2CA /* Utility in Resources */,
				06BD8EBB2C6FE5BB00F29E3C /* Search in Resources */,
				06E48DFC2C63898D000A0BAE /* Assets.xcassets in Resources */,
				0630AF222C642C2E002BF2CA /* Home in Resources */,
				0630AF1D2C64202C002BF2CA /* Router in Resources */,
				0630AF192C63BDD2002BF2CA /* Splash in Resources */,
				0697109F2C6397C600A705C7 /* Network in Resources */,
				0697109C2C6397C600A705C7 /* Database in Resources */,
				06A997672C74B2F700FEC6AE /* Favorites in Resources */,
				06E48DFF2C63898D000A0BAE /* Base in Resources */,
				069710A02C6397C600A705C7 /* Common in Resources */,
				06F5823A2C6AB377008A0870 /* Detail in Resources */,
			);
			runOnlyForDeploymentPostprocessing = 0;
		};
/* End PBXResourcesBuildPhase section */

/* Begin PBXSourcesBuildPhase section */
		06E48DEB2C63898A000A0BAE /* Sources */ = {
			isa = PBXSourcesBuildPhase;
			buildActionMask = 2147483647;
			files = (
				06E48E112C639411000A0BAE /* AppDelegate+Init.swift in Sources */,
				06E48DF32C63898A000A0BAE /* AppDelegate.swift in Sources */,
				06E48DF52C63898A000A0BAE /* SceneDelegate.swift in Sources */,
			);
			runOnlyForDeploymentPostprocessing = 0;
		};
/* End PBXSourcesBuildPhase section */

/* Begin PBXVariantGroup section */
		06E48DFD2C63898D000A0BAE /* LaunchScreen.storyboard */ = {
			isa = PBXVariantGroup;
			children = (
				06E48DFE2C63898D000A0BAE /* Base */,
			);
			name = LaunchScreen.storyboard;
			sourceTree = "<group>";
		};
/* End PBXVariantGroup section */

/* Begin XCBuildConfiguration section */
		06E48E012C63898D000A0BAE /* Debug */ = {
			isa = XCBuildConfiguration;
			buildSettings = {
				ALWAYS_SEARCH_USER_PATHS = NO;
				ASSETCATALOG_COMPILER_GENERATE_SWIFT_ASSET_SYMBOL_EXTENSIONS = YES;
				CLANG_ANALYZER_NONNULL = YES;
				CLANG_ANALYZER_NUMBER_OBJECT_CONVERSION = YES_AGGRESSIVE;
				CLANG_CXX_LANGUAGE_STANDARD = "gnu++20";
				CLANG_ENABLE_MODULES = YES;
				CLANG_ENABLE_OBJC_ARC = YES;
				CLANG_ENABLE_OBJC_WEAK = YES;
				CLANG_WARN_BLOCK_CAPTURE_AUTORELEASING = YES;
				CLANG_WARN_BOOL_CONVERSION = YES;
				CLANG_WARN_COMMA = YES;
				CLANG_WARN_CONSTANT_CONVERSION = YES;
				CLANG_WARN_DEPRECATED_OBJC_IMPLEMENTATIONS = YES;
				CLANG_WARN_DIRECT_OBJC_ISA_USAGE = YES_ERROR;
				CLANG_WARN_DOCUMENTATION_COMMENTS = YES;
				CLANG_WARN_EMPTY_BODY = YES;
				CLANG_WARN_ENUM_CONVERSION = YES;
				CLANG_WARN_INFINITE_RECURSION = YES;
				CLANG_WARN_INT_CONVERSION = YES;
				CLANG_WARN_NON_LITERAL_NULL_CONVERSION = YES;
				CLANG_WARN_OBJC_IMPLICIT_RETAIN_SELF = YES;
				CLANG_WARN_OBJC_LITERAL_CONVERSION = YES;
				CLANG_WARN_OBJC_ROOT_CLASS = YES_ERROR;
				CLANG_WARN_QUOTED_INCLUDE_IN_FRAMEWORK_HEADER = YES;
				CLANG_WARN_RANGE_LOOP_ANALYSIS = YES;
				CLANG_WARN_STRICT_PROTOTYPES = YES;
				CLANG_WARN_SUSPICIOUS_MOVE = YES;
				CLANG_WARN_UNGUARDED_AVAILABILITY = YES_AGGRESSIVE;
				CLANG_WARN_UNREACHABLE_CODE = YES;
				CLANG_WARN__DUPLICATE_METHOD_MATCH = YES;
				COPY_PHASE_STRIP = NO;
				DEBUG_INFORMATION_FORMAT = dwarf;
				ENABLE_STRICT_OBJC_MSGSEND = YES;
				ENABLE_TESTABILITY = YES;
				ENABLE_USER_SCRIPT_SANDBOXING = YES;
				GCC_C_LANGUAGE_STANDARD = gnu17;
				GCC_DYNAMIC_NO_PIC = NO;
				GCC_NO_COMMON_BLOCKS = YES;
				GCC_OPTIMIZATION_LEVEL = 0;
				GCC_PREPROCESSOR_DEFINITIONS = (
					"DEBUG=1",
					"$(inherited)",
				);
				GCC_WARN_64_TO_32_BIT_CONVERSION = YES;
				GCC_WARN_ABOUT_RETURN_TYPE = YES_ERROR;
				GCC_WARN_UNDECLARED_SELECTOR = YES;
				GCC_WARN_UNINITIALIZED_AUTOS = YES_AGGRESSIVE;
				GCC_WARN_UNUSED_FUNCTION = YES;
				GCC_WARN_UNUSED_VARIABLE = YES;
				IPHONEOS_DEPLOYMENT_TARGET = 17.5;
				LOCALIZATION_PREFERS_STRING_CATALOGS = YES;
				MTL_ENABLE_DEBUG_INFO = INCLUDE_SOURCE;
				MTL_FAST_MATH = YES;
				ONLY_ACTIVE_ARCH = YES;
				SDKROOT = iphoneos;
				SWIFT_ACTIVE_COMPILATION_CONDITIONS = "DEBUG $(inherited)";
				SWIFT_OPTIMIZATION_LEVEL = "-Onone";
			};
			name = Debug;
		};
		06E48E022C63898D000A0BAE /* Release */ = {
			isa = XCBuildConfiguration;
			buildSettings = {
				ALWAYS_SEARCH_USER_PATHS = NO;
				ASSETCATALOG_COMPILER_GENERATE_SWIFT_ASSET_SYMBOL_EXTENSIONS = YES;
				CLANG_ANALYZER_NONNULL = YES;
				CLANG_ANALYZER_NUMBER_OBJECT_CONVERSION = YES_AGGRESSIVE;
				CLANG_CXX_LANGUAGE_STANDARD = "gnu++20";
				CLANG_ENABLE_MODULES = YES;
				CLANG_ENABLE_OBJC_ARC = YES;
				CLANG_ENABLE_OBJC_WEAK = YES;
				CLANG_WARN_BLOCK_CAPTURE_AUTORELEASING = YES;
				CLANG_WARN_BOOL_CONVERSION = YES;
				CLANG_WARN_COMMA = YES;
				CLANG_WARN_CONSTANT_CONVERSION = YES;
				CLANG_WARN_DEPRECATED_OBJC_IMPLEMENTATIONS = YES;
				CLANG_WARN_DIRECT_OBJC_ISA_USAGE = YES_ERROR;
				CLANG_WARN_DOCUMENTATION_COMMENTS = YES;
				CLANG_WARN_EMPTY_BODY = YES;
				CLANG_WARN_ENUM_CONVERSION = YES;
				CLANG_WARN_INFINITE_RECURSION = YES;
				CLANG_WARN_INT_CONVERSION = YES;
				CLANG_WARN_NON_LITERAL_NULL_CONVERSION = YES;
				CLANG_WARN_OBJC_IMPLICIT_RETAIN_SELF = YES;
				CLANG_WARN_OBJC_LITERAL_CONVERSION = YES;
				CLANG_WARN_OBJC_ROOT_CLASS = YES_ERROR;
				CLANG_WARN_QUOTED_INCLUDE_IN_FRAMEWORK_HEADER = YES;
				CLANG_WARN_RANGE_LOOP_ANALYSIS = YES;
				CLANG_WARN_STRICT_PROTOTYPES = YES;
				CLANG_WARN_SUSPICIOUS_MOVE = YES;
				CLANG_WARN_UNGUARDED_AVAILABILITY = YES_AGGRESSIVE;
				CLANG_WARN_UNREACHABLE_CODE = YES;
				CLANG_WARN__DUPLICATE_METHOD_MATCH = YES;
				COPY_PHASE_STRIP = NO;
				DEBUG_INFORMATION_FORMAT = "dwarf-with-dsym";
				ENABLE_NS_ASSERTIONS = NO;
				ENABLE_STRICT_OBJC_MSGSEND = YES;
				ENABLE_USER_SCRIPT_SANDBOXING = YES;
				GCC_C_LANGUAGE_STANDARD = gnu17;
				GCC_NO_COMMON_BLOCKS = YES;
				GCC_WARN_64_TO_32_BIT_CONVERSION = YES;
				GCC_WARN_ABOUT_RETURN_TYPE = YES_ERROR;
				GCC_WARN_UNDECLARED_SELECTOR = YES;
				GCC_WARN_UNINITIALIZED_AUTOS = YES_AGGRESSIVE;
				GCC_WARN_UNUSED_FUNCTION = YES;
				GCC_WARN_UNUSED_VARIABLE = YES;
				IPHONEOS_DEPLOYMENT_TARGET = 17.5;
				LOCALIZATION_PREFERS_STRING_CATALOGS = YES;
				MTL_ENABLE_DEBUG_INFO = NO;
				MTL_FAST_MATH = YES;
				SDKROOT = iphoneos;
				SWIFT_COMPILATION_MODE = wholemodule;
				VALIDATE_PRODUCT = YES;
			};
			name = Release;
		};
		06E48E042C63898D000A0BAE /* Debug */ = {
			isa = XCBuildConfiguration;
			buildSettings = {
				ASSETCATALOG_COMPILER_APPICON_NAME = AppIcon;
				ASSETCATALOG_COMPILER_GLOBAL_ACCENT_COLOR_NAME = AccentColor;
				CODE_SIGN_STYLE = Automatic;
				CURRENT_PROJECT_VERSION = 1;
				DEVELOPMENT_TEAM = 225AXALHQ4;
				GENERATE_INFOPLIST_FILE = YES;
				INFOPLIST_FILE = cinescope/Resources/Info.plist;
				INFOPLIST_KEY_UIApplicationSupportsIndirectInputEvents = YES;
				INFOPLIST_KEY_UILaunchStoryboardName = LaunchScreen;
				INFOPLIST_KEY_UIStatusBarStyle = UIStatusBarStyleDarkContent;
				INFOPLIST_KEY_UISupportedInterfaceOrientations = UIInterfaceOrientationPortrait;
				INFOPLIST_KEY_UISupportedInterfaceOrientations_iPad = "UIInterfaceOrientationLandscapeLeft UIInterfaceOrientationLandscapeRight UIInterfaceOrientationPortrait UIInterfaceOrientationPortraitUpsideDown";
				LD_RUNPATH_SEARCH_PATHS = (
					"$(inherited)",
					"@executable_path/Frameworks",
				);
				MARKETING_VERSION = 1.0;
				PRODUCT_BUNDLE_IDENTIFIER = com.obg.cinescope;
				PRODUCT_NAME = "$(TARGET_NAME)";
				SUPPORTED_PLATFORMS = "iphoneos iphonesimulator";
				SUPPORTS_MACCATALYST = NO;
				SUPPORTS_MAC_DESIGNED_FOR_IPHONE_IPAD = NO;
				SUPPORTS_XR_DESIGNED_FOR_IPHONE_IPAD = NO;
				SWIFT_EMIT_LOC_STRINGS = YES;
				SWIFT_VERSION = 5.0;
				TARGETED_DEVICE_FAMILY = 1;
			};
			name = Debug;
		};
		06E48E052C63898D000A0BAE /* Release */ = {
			isa = XCBuildConfiguration;
			buildSettings = {
				ASSETCATALOG_COMPILER_APPICON_NAME = AppIcon;
				ASSETCATALOG_COMPILER_GLOBAL_ACCENT_COLOR_NAME = AccentColor;
				CODE_SIGN_STYLE = Automatic;
				CURRENT_PROJECT_VERSION = 1;
				DEVELOPMENT_TEAM = 225AXALHQ4;
				GENERATE_INFOPLIST_FILE = YES;
				INFOPLIST_FILE = cinescope/Resources/Info.plist;
				INFOPLIST_KEY_UIApplicationSupportsIndirectInputEvents = YES;
				INFOPLIST_KEY_UILaunchStoryboardName = LaunchScreen;
				INFOPLIST_KEY_UIStatusBarStyle = UIStatusBarStyleDarkContent;
				INFOPLIST_KEY_UISupportedInterfaceOrientations = UIInterfaceOrientationPortrait;
				INFOPLIST_KEY_UISupportedInterfaceOrientations_iPad = "UIInterfaceOrientationLandscapeLeft UIInterfaceOrientationLandscapeRight UIInterfaceOrientationPortrait UIInterfaceOrientationPortraitUpsideDown";
				LD_RUNPATH_SEARCH_PATHS = (
					"$(inherited)",
					"@executable_path/Frameworks",
				);
				MARKETING_VERSION = 1.0;
				PRODUCT_BUNDLE_IDENTIFIER = com.obg.cinescope;
				PRODUCT_NAME = "$(TARGET_NAME)";
				SUPPORTED_PLATFORMS = "iphoneos iphonesimulator";
				SUPPORTS_MACCATALYST = NO;
				SUPPORTS_MAC_DESIGNED_FOR_IPHONE_IPAD = NO;
				SUPPORTS_XR_DESIGNED_FOR_IPHONE_IPAD = NO;
				SWIFT_EMIT_LOC_STRINGS = YES;
				SWIFT_VERSION = 5.0;
				TARGETED_DEVICE_FAMILY = 1;
			};
			name = Release;
		};
/* End XCBuildConfiguration section */

/* Begin XCConfigurationList section */
		06E48DEA2C63898A000A0BAE /* Build configuration list for PBXProject "cinescope" */ = {
			isa = XCConfigurationList;
			buildConfigurations = (
				06E48E012C63898D000A0BAE /* Debug */,
				06E48E022C63898D000A0BAE /* Release */,
			);
			defaultConfigurationIsVisible = 0;
			defaultConfigurationName = Release;
		};
		06E48E032C63898D000A0BAE /* Build configuration list for PBXNativeTarget "cinescope" */ = {
			isa = XCConfigurationList;
			buildConfigurations = (
				06E48E042C63898D000A0BAE /* Debug */,
				06E48E052C63898D000A0BAE /* Release */,
			);
			defaultConfigurationIsVisible = 0;
			defaultConfigurationName = Release;
		};
/* End XCConfigurationList section */

/* Begin XCRemoteSwiftPackageReference section */
		06E5B3A62C68093500AD38CD /* XCRemoteSwiftPackageReference "atlantis" */ = {
			isa = XCRemoteSwiftPackageReference;
			repositoryURL = "https://github.com/ProxymanApp/atlantis.git";
			requirement = {
				kind = upToNextMajorVersion;
				minimumVersion = 1.24.0;
			};
		};
/* End XCRemoteSwiftPackageReference section */

/* Begin XCSwiftPackageProductDependency section */
		0630AF1E2C64263A002BF2CA /* Router */ = {
			isa = XCSwiftPackageProductDependency;
			productName = Router;
		};
		06E5B3A72C68093500AD38CD /* Atlantis */ = {
			isa = XCSwiftPackageProductDependency;
			package = 06E5B3A62C68093500AD38CD /* XCRemoteSwiftPackageReference "atlantis" */;
			productName = Atlantis;
		};
/* End XCSwiftPackageProductDependency section */
	};
	rootObject = 06E48DE72C63898A000A0BAE /* Project object */;
}
